{
  "version": 4,
  "terraform_version": "0.12.29",
  "serial": 123,
  "lineage": "8a4a02c0-9ede-87c7-8c3f-7516b3694f0e",
  "outputs": {
    "dns_name": {
      "value": "yahel-bookshelf-196979016.us-east-1.elb.amazonaws.com",
      "type": "string"
    }
  },
  "resources": [
    {
      "mode": "data",
      "type": "aws_security_group",
      "name": "default-sg",
      "provider": "provider.aws",
      "instances": [
        {
          "schema_version": 0,
          "attributes": {
            "arn": "arn:aws:ec2:us-east-1:217981289470:security-group/sg-01220044dff86595d",
            "description": "default VPC security group",
            "filter": null,
            "id": "sg-01220044dff86595d",
            "name": "default",
            "tags": {},
            "vpc_id": "vpc-0b6fbcbc3325f3972"
          }
        }
      ]
    },
    {
      "mode": "data",
      "type": "aws_subnet_ids",
      "name": "subnets",
      "provider": "provider.aws",
      "instances": [
        {
          "schema_version": 0,
          "attributes": {
            "filter": null,
            "id": "vpc-0b6fbcbc3325f3972",
            "ids": [
              "subnet-01392d4d1ca54c464",
              "subnet-03b0f4559b28f49c6",
              "subnet-08fa467e05a44f61e",
              "subnet-0c83d7ec494b58d20",
              "subnet-0f1ea0238381e3976",
              "subnet-0f95de4ef5aff3fe6"
            ],
            "tags": null,
            "vpc_id": "vpc-0b6fbcbc3325f3972"
          }
        }
      ]
    },
    {
      "mode": "data",
      "type": "aws_vpc",
      "name": "default_vpc",
      "provider": "provider.aws",
      "instances": [
        {
          "schema_version": 0,
          "attributes": {
            "arn": "arn:aws:ec2:us-east-1:217981289470:vpc/vpc-0b6fbcbc3325f3972",
            "cidr_block": "172.31.0.0/16",
            "cidr_block_associations": [
              {
                "association_id": "vpc-cidr-assoc-0bb8fba821687be6b",
                "cidr_block": "172.31.0.0/16",
                "state": "associated"
              }
            ],
            "default": true,
            "dhcp_options_id": "dopt-6041d31a",
            "enable_dns_hostnames": true,
            "enable_dns_support": true,
            "filter": null,
            "id": "vpc-0b6fbcbc3325f3972",
            "instance_tenancy": "default",
            "ipv6_association_id": null,
            "ipv6_cidr_block": null,
            "main_route_table_id": "rtb-00a1cfdd0f88c6368",
            "owner_id": "217981289470",
            "state": "available",
            "tags": {}
          }
        }
      ]
    },
    {
      "mode": "managed",
      "type": "aws_autoscaling_attachment",
      "name": "asg_attachment",
      "provider": "provider.aws",
      "instances": [
        {
          "schema_version": 0,
          "attributes": {
            "alb_target_group_arn": null,
            "autoscaling_group_name": "tf-asg-20200828185753878700000001",
            "elb": "yahel-bookshelf",
            "id": "tf-asg-20200828185753878700000001-20200828200928168800000002"
          },
          "private": "bnVsbA==",
          "dependencies": [
            "aws_autoscaling_group.asg",
            "aws_db_instance.default",
            "aws_elb.elb",
            "aws_launch_template.my-lt",
            "aws_security_group.book-elb",
            "aws_security_group.rds-sg"
          ]
        }
      ]
    },
    {
      "mode": "managed",
      "type": "aws_autoscaling_group",
      "name": "asg",
      "provider": "provider.aws",
      "instances": [
        {
          "schema_version": 0,
          "attributes": {
            "arn": "arn:aws:autoscaling:us-east-1:217981289470:autoScalingGroup:10133799-58f9-4e9e-9e57-40a2a28f32a8:autoScalingGroupName/tf-asg-20200828185753878700000001",
            "availability_zones": [
              "us-east-1a",
              "us-east-1b",
              "us-east-1c",
              "us-east-1d",
              "us-east-1e",
              "us-east-1f"
            ],
            "default_cooldown": 300,
            "desired_capacity": 1,
            "enabled_metrics": [],
            "force_delete": false,
            "health_check_grace_period": 300,
            "health_check_type": "EC2",
            "id": "tf-asg-20200828185753878700000001",
            "initial_lifecycle_hook": [],
            "launch_configuration": "",
            "launch_template": [
              {
                "id": "lt-0dbdfd85d7d4d621f",
                "name": "my-lt",
                "version": "3"
              }
            ],
            "load_balancers": [],
            "max_instance_lifetime": 0,
            "max_size": 1,
            "metrics_granularity": "1Minute",
            "min_elb_capacity": null,
            "min_size": 0,
            "mixed_instances_policy": [],
            "name": "tf-asg-20200828185753878700000001",
            "name_prefix": null,
            "placement_group": "",
            "protect_from_scale_in": false,
            "service_linked_role_arn": "arn:aws:iam::217981289470:role/aws-service-role/autoscaling.amazonaws.com/AWSServiceRoleForAutoScaling",
            "suspended_processes": [],
            "tag": [],
            "tags": null,
            "target_group_arns": [],
            "termination_policies": [],
            "timeouts": null,
            "vpc_zone_identifier": [
              "subnet-01392d4d1ca54c464",
              "subnet-03b0f4559b28f49c6",
              "subnet-08fa467e05a44f61e",
              "subnet-0c83d7ec494b58d20",
              "subnet-0f1ea0238381e3976",
              "subnet-0f95de4ef5aff3fe6"
            ],
            "wait_for_capacity_timeout": "10m",
            "wait_for_elb_capacity": null
          },
          "private": "eyJlMmJmYjczMC1lY2FhLTExZTYtOGY4OC0zNDM2M2JjN2M0YzAiOnsiZGVsZXRlIjo2MDAwMDAwMDAwMDB9fQ==",
          "dependencies": [
            "aws_db_instance.default",
            "aws_launch_template.my-lt",
            "aws_security_group.rds-sg"
          ]
        }
      ]
    },
    {
      "mode": "managed",
      "type": "aws_db_instance",
      "name": "default",
      "provider": "provider.aws",
      "instances": [
        {
          "schema_version": 1,
          "attributes": {
            "address": "bookstack.cbfe5rncyapw.us-east-1.rds.amazonaws.com",
            "allocated_storage": 5,
            "allow_major_version_upgrade": null,
            "apply_immediately": null,
            "arn": "arn:aws:rds:us-east-1:217981289470:db:bookstack",
            "auto_minor_version_upgrade": true,
            "availability_zone": "us-east-1c",
            "backup_retention_period": 0,
            "backup_window": "08:26-08:56",
            "ca_cert_identifier": "rds-ca-2019",
            "character_set_name": null,
            "copy_tags_to_snapshot": false,
            "db_subnet_group_name": "terraform-20200828183618382100000001",
            "delete_automated_backups": true,
            "deletion_protection": false,
            "domain": "",
            "domain_iam_role_name": "",
            "enabled_cloudwatch_logs_exports": [],
            "endpoint": "bookstack.cbfe5rncyapw.us-east-1.rds.amazonaws.com:3306",
            "engine": "mysql",
            "engine_version": "5.7.26",
            "final_snapshot_identifier": null,
            "hosted_zone_id": "Z2R2ITUGPM61AM",
            "iam_database_authentication_enabled": false,
            "id": "bookstack",
            "identifier": "bookstack",
            "identifier_prefix": null,
            "instance_class": "db.t2.micro",
            "iops": 0,
            "kms_key_id": "",
            "license_model": "general-public-license",
            "maintenance_window": "mon:09:45-mon:10:15",
            "max_allocated_storage": 0,
            "monitoring_interval": 0,
            "monitoring_role_arn": "",
            "multi_az": false,
            "name": "bookstack",
            "option_group_name": "default:mysql-5-7",
            "parameter_group_name": "default.mysql5.7",
            "password": "secret123",
            "performance_insights_enabled": false,
            "performance_insights_kms_key_id": "",
            "performance_insights_retention_period": 0,
            "port": 3306,
            "publicly_accessible": false,
            "replicas": [],
            "replicate_source_db": "",
            "resource_id": "db-RCSRLWXXJ3A7A46QLKISRNT3KU",
            "s3_import": [],
            "security_group_names": [],
            "skip_final_snapshot": true,
            "snapshot_identifier": null,
            "status": "available",
            "storage_encrypted": false,
            "storage_type": "gp2",
            "tags": {},
            "timeouts": null,
            "timezone": "",
            "username": "bookstack",
            "vpc_security_group_ids": [
              "sg-00a890411eff08272",
              "sg-01220044dff86595d"
            ]
          },
          "private": "eyJlMmJmYjczMC1lY2FhLTExZTYtOGY4OC0zNDM2M2JjN2M0YzAiOnsiY3JlYXRlIjoyNDAwMDAwMDAwMDAwLCJkZWxldGUiOjI0MDAwMDAwMDAwMDAsInVwZGF0ZSI6NDgwMDAwMDAwMDAwMH0sInNjaGVtYV92ZXJzaW9uIjoiMSJ9",
          "dependencies": [
            "aws_db_subnet_group.subnet_group",
            "aws_security_group.rds-sg"
          ]
        }
      ]
    },
    {
      "mode": "managed",
      "type": "aws_db_subnet_group",
      "name": "subnet_group",
      "provider": "provider.aws",
      "instances": [
        {
          "schema_version": 0,
          "attributes": {
            "arn": "arn:aws:rds:us-east-1:217981289470:subgrp:terraform-20200828183618382100000001",
            "description": "Managed by Terraform",
            "id": "terraform-20200828183618382100000001",
            "name": "terraform-20200828183618382100000001",
            "name_prefix": null,
            "subnet_ids": [
              "subnet-01392d4d1ca54c464",
              "subnet-03b0f4559b28f49c6",
              "subnet-08fa467e05a44f61e",
              "subnet-0c83d7ec494b58d20",
              "subnet-0f1ea0238381e3976",
              "subnet-0f95de4ef5aff3fe6"
            ],
            "tags": {}
          },
          "private": "bnVsbA=="
        }
      ]
    },
    {
      "mode": "managed",
      "type": "aws_elb",
      "name": "elb",
      "provider": "provider.aws",
      "instances": [
        {
          "schema_version": 0,
          "attributes": {
            "access_logs": [],
            "arn": "arn:aws:elasticloadbalancing:us-east-1:217981289470:loadbalancer/yahel-bookshelf",
            "availability_zones": [
              "us-east-1a",
              "us-east-1b",
              "us-east-1c",
              "us-east-1d",
              "us-east-1e",
              "us-east-1f"
            ],
            "connection_draining": false,
            "connection_draining_timeout": 300,
            "cross_zone_load_balancing": true,
            "dns_name": "yahel-bookshelf-196979016.us-east-1.elb.amazonaws.com",
            "health_check": [
              {
                "healthy_threshold": 10,
                "interval": 30,
                "target": "TCP:8080",
                "timeout": 5,
                "unhealthy_threshold": 2
              }
            ],
            "id": "yahel-bookshelf",
            "idle_timeout": 60,
            "instances": [
              "i-09676b69ecf624e36"
            ],
            "internal": false,
            "listener": [
              {
                "instance_port": 8080,
                "instance_protocol": "http",
                "lb_port": 80,
                "lb_protocol": "http",
                "ssl_certificate_id": ""
              }
            ],
            "name": "yahel-bookshelf",
            "name_prefix": null,
            "security_groups": [
              "sg-01220044dff86595d",
              "sg-0f039814c933e52fb"
            ],
            "source_security_group": "217981289470/default",
            "source_security_group_id": "sg-01220044dff86595d",
            "subnets": [
              "subnet-01392d4d1ca54c464",
              "subnet-03b0f4559b28f49c6",
              "subnet-08fa467e05a44f61e",
              "subnet-0c83d7ec494b58d20",
              "subnet-0f1ea0238381e3976",
              "subnet-0f95de4ef5aff3fe6"
            ],
            "tags": {},
            "zone_id": "Z35SXDOTRQ7X7K"
          },
          "private": "bnVsbA==",
          "dependencies": [
            "aws_security_group.book-elb"
          ]
        }
      ]
    },
    {
      "mode": "managed",
      "type": "aws_launch_template",
      "name": "my-lt",
      "provider": "provider.aws",
      "instances": [
        {
          "schema_version": 0,
          "attributes": {
            "arn": "arn:aws:ec2:us-east-1:217981289470:launch-template/lt-0dbdfd85d7d4d621f",
            "block_device_mappings": [],
            "capacity_reservation_specification": [],
            "cpu_options": [],
            "credit_specification": [],
            "default_version": 1,
            "description": "",
            "disable_api_termination": false,
            "ebs_optimized": "",
            "elastic_gpu_specifications": [],
            "elastic_inference_accelerator": [],
            "hibernation_options": [],
            "iam_instance_profile": [],
            "id": "lt-0dbdfd85d7d4d621f",
            "image_id": "ami-0b898040803850657",
            "instance_initiated_shutdown_behavior": "",
            "instance_market_options": [],
            "instance_type": "t2.micro",
            "kernel_id": "",
            "key_name": "yahel_class9",
            "latest_version": 3,
            "license_specification": [],
            "metadata_options": [],
            "monitoring": [],
            "name": "my-lt",
            "name_prefix": null,
            "network_interfaces": [],
            "placement": [],
            "ram_disk_id": "",
            "security_group_names": [],
            "tag_specifications": [],
            "tags": {},
            "update_default_version": null,
            "user_data": "IyEvdXNyL2Jpbi9iYXNoDQp5dW0gaW5zdGFsbCBkb2NrZXIgLXkNCnN5c3RlbWN0bCBlbmFibGUgZG9ja2VyDQpzeXN0ZW1jdGwgc3RhcnQgZG9ja2VyDQpkb2NrZXIgcnVuIC1kIFwNCi1lIERCX0hPU1Q9Ym9va3N0YWNrLmNiZmU1cm5jeWFwdy51cy1lYXN0LTEucmRzLmFtYXpvbmF3cy5jb206MzMwNiBcDQotZSBEQl9EQVRBQkFTRT1ib29rc3RhY2sgXA0KLWUgREJfVVNFUk5BTUU9Ym9va3N0YWNrIFwNCi1lIERCX1BBU1NXT1JEPXNlY3JldDEyMyBcDQotcCA4MDgwOjgwIFwNCiBzb2xpZG5lcmQvYm9va3N0YWNrOjAuMjcuNQ0K",
            "vpc_security_group_ids": [
              "sg-00a890411eff08272",
              "sg-01220044dff86595d"
            ]
          },
          "private": "bnVsbA==",
          "dependencies": [
            "aws_db_instance.default",
            "aws_security_group.rds-sg"
          ]
        }
      ]
    },
    {
      "mode": "managed",
      "type": "aws_security_group",
      "name": "book-elb",
      "provider": "provider.aws",
      "instances": [
        {
          "schema_version": 1,
          "attributes": {
            "arn": "arn:aws:ec2:us-east-1:217981289470:security-group/sg-0f039814c933e52fb",
            "description": "Managed by Terraform",
            "egress": [
              {
                "cidr_blocks": [
                  "0.0.0.0/0"
                ],
                "description": "",
                "from_port": 0,
                "ipv6_cidr_blocks": [],
                "prefix_list_ids": [],
                "protocol": "-1",
                "security_groups": [],
                "self": false,
                "to_port": 0
              }
            ],
            "id": "sg-0f039814c933e52fb",
            "ingress": [
              {
                "cidr_blocks": [
                  "0.0.0.0/0"
                ],
                "description": "",
                "from_port": 8080,
                "ipv6_cidr_blocks": [],
                "prefix_list_ids": [],
                "protocol": "tcp",
                "security_groups": [],
                "self": false,
                "to_port": 8080
              },
              {
                "cidr_blocks": [
                  "0.0.0.0/0"
                ],
                "description": "",
                "from_port": 80,
                "ipv6_cidr_blocks": [],
                "prefix_list_ids": [],
                "protocol": "tcp",
                "security_groups": [],
                "self": false,
                "to_port": 80
              }
            ],
            "name": "ELB_bookselfe_sg",
            "name_prefix": "",
            "owner_id": "217981289470",
            "revoke_rules_on_delete": false,
            "tags": {},
            "timeouts": null,
            "vpc_id": "vpc-0b6fbcbc3325f3972"
          },
          "private": "eyJlMmJmYjczMC1lY2FhLTExZTYtOGY4OC0zNDM2M2JjN2M0YzAiOnsiY3JlYXRlIjo2MDAwMDAwMDAwMDAsImRlbGV0ZSI6NjAwMDAwMDAwMDAwfSwic2NoZW1hX3ZlcnNpb24iOiIxIn0="
        }
      ]
    },
    {
      "mode": "managed",
      "type": "aws_security_group",
      "name": "rds-sg",
      "provider": "provider.aws",
      "instances": [
        {
          "schema_version": 1,
          "attributes": {
            "arn": "arn:aws:ec2:us-east-1:217981289470:security-group/sg-00a890411eff08272",
            "description": "Managed by Terraform",
            "egress": [
              {
                "cidr_blocks": [
                  "0.0.0.0/0"
                ],
                "description": "",
                "from_port": 0,
                "ipv6_cidr_blocks": [],
                "prefix_list_ids": [],
                "protocol": "tcp",
                "security_groups": [],
                "self": false,
                "to_port": 0
              }
            ],
            "id": "sg-00a890411eff08272",
            "ingress": [
              {
                "cidr_blocks": [],
                "description": "",
                "from_port": 0,
                "ipv6_cidr_blocks": [],
                "prefix_list_ids": [],
                "protocol": "-1",
                "security_groups": [],
                "self": true,
                "to_port": 0
              },
              {
                "cidr_blocks": [],
                "description": "",
                "from_port": 8080,
                "ipv6_cidr_blocks": [],
                "prefix_list_ids": [],
                "protocol": "tcp",
                "security_groups": [],
                "self": true,
                "to_port": 8080
              }
            ],
            "name": "bookstack-sg",
            "name_prefix": "",
            "owner_id": "217981289470",
            "revoke_rules_on_delete": false,
            "tags": {},
            "timeouts": null,
            "vpc_id": "vpc-0b6fbcbc3325f3972"
          },
          "private": "eyJlMmJmYjczMC1lY2FhLTExZTYtOGY4OC0zNDM2M2JjN2M0YzAiOnsiY3JlYXRlIjo2MDAwMDAwMDAwMDAsImRlbGV0ZSI6NjAwMDAwMDAwMDAwfSwic2NoZW1hX3ZlcnNpb24iOiIxIn0="
        }
      ]
    },
    {
      "mode": "managed",
      "type": "aws_security_group_rule",
      "name": "egress-all",
      "provider": "provider.aws",
      "instances": [
        {
          "schema_version": 2,
          "attributes": {
            "cidr_blocks": [
              "0.0.0.0/0"
            ],
            "description": "",
            "from_port": 0,
            "id": "sgrule-1381321236",
            "ipv6_cidr_blocks": [],
            "prefix_list_ids": [],
            "protocol": "tcp",
            "security_group_id": "sg-00a890411eff08272",
            "self": false,
            "source_security_group_id": null,
            "to_port": 0,
            "type": "egress"
          },
          "private": "eyJzY2hlbWFfdmVyc2lvbiI6IjIifQ==",
          "dependencies": [
            "aws_security_group.rds-sg"
          ]
        }
      ]
    },
    {
      "mode": "managed",
      "type": "aws_security_group_rule",
      "name": "ingress-all",
      "provider": "provider.aws",
      "instances": [
        {
          "schema_version": 2,
          "attributes": {
            "cidr_blocks": [],
            "description": "",
            "from_port": 0,
            "id": "sgrule-225802859",
            "ipv6_cidr_blocks": [],
            "prefix_list_ids": [],
            "protocol": "-1",
            "security_group_id": "sg-00a890411eff08272",
            "self": true,
            "source_security_group_id": "sg-00a890411eff08272",
            "to_port": 0,
            "type": "ingress"
          },
          "private": "eyJzY2hlbWFfdmVyc2lvbiI6IjIifQ==",
          "dependencies": [
            "aws_security_group.rds-sg"
          ]
        }
      ]
    }
  ]
}
